# Generated by move; do not edit
# This file should be checked in.

[move]
version = 4

[pinned.mainnet.MoveStdlib]
source = { git = "https://github.com/MystenLabs/sui.git", subdir = "crates/sui-framework/packages/move-stdlib", rev = "ae59d7718668b468ce65702ecb0440aa2330f389" }
use_environment = "mainnet"
manifest_digest = "C4FE4C91DE74CBF223B2E380AE40F592177D21870DC2D7EB6227D2D694E05363"
deps = {}

[pinned.mainnet.Sui]
source = { git = "https://github.com/MystenLabs/sui.git", subdir = "crates/sui-framework/packages/sui-framework", rev = "ae59d7718668b468ce65702ecb0440aa2330f389" }
use_environment = "mainnet"
manifest_digest = "CD547CB1ACCE0880C835DAED2D8FFCB91D56C833AE5240D3AA5B918398263195"
deps = { MoveStdlib = "MoveStdlib" }

[pinned.mainnet.bps]
source = { git = "https://github.com/unconfirmedlabs/bps.git", subdir = ".", rev = "4ca1972a67d35c972ca567de7b08315e3778e52b" }
use_environment = "mainnet"
manifest_digest = "E41BBD67BE8940D26C79D78B028477EF5B33BA217A1282C78ACB344CF8A5ECF6"
deps = { std = "MoveStdlib", sui = "Sui" }

[pinned.mainnet.hikida]
source = { git = "https://github.com/unconfirmedlabs/hikida.git", subdir = ".", rev = "c91d6a0f536a5f1457b342a8838fc1d7ba09212e" }
use_environment = "mainnet"
manifest_digest = "E41BBD67BE8940D26C79D78B028477EF5B33BA217A1282C78ACB344CF8A5ECF6"
deps = { std = "MoveStdlib", sui = "Sui" }

[pinned.mainnet.musicos]
source = { git = "https://github.com/misofm/musicos.git", subdir = ".", rev = "0b3eb07c9cb1af29c877b66cddfdcc9ef32fc721" }
use_environment = "mainnet"
manifest_digest = "DBE2FB0069657048BFEEFDB2055621037A1728291BAB4A0B3264E740B88B6FAE"
deps = { bps = "bps", std = "MoveStdlib", sui = "Sui" }

[pinned.mainnet.recording_license]
source = { git = "https://github.com/misofm/musicos-extensions.git", subdir = "recording_license", rev = "96da07de42c4edb85c7f52c619c0f5d1f6d3b968" }
use_environment = "mainnet"
manifest_digest = "E52DCACD7D5BB7586D9377976BAA1146620175DD295CB701A5D31DBE7D452370"
deps = { bps = "bps", musicos = "musicos", royalty_pool = "royalty_pool", share = "share", std = "MoveStdlib", sui = "Sui" }

[pinned.mainnet.release_revenue_distributor]
source = { root = true }
use_environment = "mainnet"
manifest_digest = "1207543D435B9F66B437FF155F2A7CE18ABE67A4CDD6136C5C6FEDA902C7626B"
deps = { hikida = "hikida", musicos = "musicos", recording_license = "recording_license", std = "MoveStdlib", sui = "Sui", vault = "vault" }

[pinned.mainnet.royalty_pool]
source = { git = "https://github.com/misofm/royalty-pool.git", subdir = ".", rev = "c3f87dc21157450f838e57ad3e050770969ea79a" }
use_environment = "mainnet"
manifest_digest = "EB092045DAD41C0E356EE112D0FD26D3C5D9505AFC5B21AD536FF282FE50833D"
deps = { hikida = "hikida", share = "share", std = "MoveStdlib", sui = "Sui" }

[pinned.mainnet.share]
source = { git = "https://github.com/unconfirmedlabs/share.git", subdir = ".", rev = "2523faa247727460d36b24af0e580457baa22000" }
use_environment = "mainnet"
manifest_digest = "E41BBD67BE8940D26C79D78B028477EF5B33BA217A1282C78ACB344CF8A5ECF6"
deps = { std = "MoveStdlib", sui = "Sui" }

[pinned.mainnet.vault]
source = { git = "https://github.com/misofm/vault.git", subdir = ".", rev = "b39cbba9688d19aa651032f25ca27951746d13f6" }
use_environment = "mainnet"
manifest_digest = "E41BBD67BE8940D26C79D78B028477EF5B33BA217A1282C78ACB344CF8A5ECF6"
deps = { std = "MoveStdlib", sui = "Sui" }

[pinned.testnet.MoveStdlib]
source = { git = "https://github.com/MystenLabs/sui.git", subdir = "crates/sui-framework/packages/move-stdlib", rev = "ae59d7718668b468ce65702ecb0440aa2330f389" }
use_environment = "testnet"
manifest_digest = "C4FE4C91DE74CBF223B2E380AE40F592177D21870DC2D7EB6227D2D694E05363"
deps = {}

[pinned.testnet.Sui]
source = { git = "https://github.com/MystenLabs/sui.git", subdir = "crates/sui-framework/packages/sui-framework", rev = "ae59d7718668b468ce65702ecb0440aa2330f389" }
use_environment = "testnet"
manifest_digest = "7AFB66695545775FBFBB2D3078ADFD084244D5002392E837FDE21D9EA1C6D01C"
deps = { MoveStdlib = "MoveStdlib" }

[pinned.testnet.bps]
source = { git = "https://github.com/unconfirmedlabs/bps.git", subdir = ".", rev = "4ca1972a67d35c972ca567de7b08315e3778e52b" }
use_environment = "testnet"
manifest_digest = "5745706258F61D6CE210904B3E6AE87A73CE9D31A6F93BE4718C442529332A87"
deps = { std = "MoveStdlib", sui = "Sui" }

[pinned.testnet.hikida]
source = { git = "https://github.com/unconfirmedlabs/hikida.git", subdir = ".", rev = "c91d6a0f536a5f1457b342a8838fc1d7ba09212e" }
use_environment = "testnet"
manifest_digest = "5745706258F61D6CE210904B3E6AE87A73CE9D31A6F93BE4718C442529332A87"
deps = { std = "MoveStdlib", sui = "Sui" }

[pinned.testnet.musicos]
source = { git = "https://github.com/misofm/musicos.git", subdir = ".", rev = "0b3eb07c9cb1af29c877b66cddfdcc9ef32fc721" }
use_environment = "testnet"
manifest_digest = "6E7BA1D967E023DCA4B0E7C02BCEDE557465C152250EF6CF4504780C1E9E3BE3"
deps = { bps = "bps", std = "MoveStdlib", sui = "Sui" }

[pinned.testnet.recording_license]
source = { git = "https://github.com/misofm/musicos-extensions.git", subdir = "recording_license", rev = "96da07de42c4edb85c7f52c619c0f5d1f6d3b968" }
use_environment = "testnet"
manifest_digest = "3FEAF49C7B589973F48B96EB09951FFF7CB22F3A2CD608F5A70CD444AC580BA7"
deps = { bps = "bps", musicos = "musicos", royalty_pool = "royalty_pool", share = "share", std = "MoveStdlib", sui = "Sui" }

[pinned.testnet.release_revenue_distributor]
source = { root = true }
use_environment = "testnet"
manifest_digest = "86EC0FAA3C0363436C67CC383D65878D29D2CC2151EF0A30AA6B4514E2D070EC"
deps = { hikida = "hikida", musicos = "musicos", recording_license = "recording_license", std = "MoveStdlib", sui = "Sui", vault = "vault" }

[pinned.testnet.royalty_pool]
source = { git = "https://github.com/misofm/royalty-pool.git", subdir = ".", rev = "c3f87dc21157450f838e57ad3e050770969ea79a" }
use_environment = "testnet"
manifest_digest = "04435C1A0909AABB2B6946B48E7765A16B524C2DED6FB7F73E3F104D65F89D16"
deps = { hikida = "hikida", share = "share", std = "MoveStdlib", sui = "Sui" }

[pinned.testnet.share]
source = { git = "https://github.com/unconfirmedlabs/share.git", subdir = ".", rev = "2523faa247727460d36b24af0e580457baa22000" }
use_environment = "testnet"
manifest_digest = "5745706258F61D6CE210904B3E6AE87A73CE9D31A6F93BE4718C442529332A87"
deps = { std = "MoveStdlib", sui = "Sui" }

[pinned.testnet.vault]
source = { git = "https://github.com/misofm/vault.git", subdir = ".", rev = "b39cbba9688d19aa651032f25ca27951746d13f6" }
use_environment = "testnet"
manifest_digest = "5745706258F61D6CE210904B3E6AE87A73CE9D31A6F93BE4718C442529332A87"
deps = { std = "MoveStdlib", sui = "Sui" }
